hash: bc29a1b174d4d94462e00e792bec4d33810ddbc2be58456dfdde14b6c0252b41
updated: 2017-10-01T20:09:15.403603747+02:00
imports:
- name: github.com/advance512/yaml
  version: e401b2b026855a4fa8e7014d553ae5bdfccb21cd
- name: github.com/asaskevich/govalidator
  version: 6fcd5b427f532a5d13738b27415e00a49e36ceef
- name: github.com/asciimoo/ini
  version: a051195fc25fbdf623136a09a8dfa1fdc8e8ba08
- name: github.com/asdine/storm
  version: 617fe4aad8735e47f878c39a597ec135963d1d79
  subpackages:
  - codec
  - codec/json
  - index
  - internal
  - q
- name: github.com/athom/suitecase
  version: ae9a267881e522eca3a93f09842249b99f570ea3
- name: github.com/blevesearch/bleve
  version: 97393d027342f43b17da2f02c090a4e728ac929f
  subpackages:
  - analysis/analyzer/custom_analyzer
  - analysis/analyzers/keyword_analyzer
  - analysis/analyzers/simple_analyzer
  - analysis/analyzers/standard_analyzer
  - analysis/byte_array_converters/json
  - analysis/datetime_parsers/datetime_optional
  - analysis/datetime_parsers/flexible_go
  - analysis/language/en
  - analysis/token/lowercase
  - analysis/token/porter
  - analysis/token/stop
  - analysis/token/unicode
  - analysis/token/unicodenorm
  - analysis/token_filters/lower_case_filter
  - analysis/token_filters/stop_tokens_filter
  - analysis/tokenmap
  - document
  - index
  - index/firestorm
  - index/store
  - index/store/boltdb
  - index/store/gtreap
  - index/upside_down
  - numeric_util
  - registry
  - search
  - search/collectors
  - search/facets
  - search/highlight
  - search/highlight/fragment_formatters/html
  - search/highlight/fragmenters/simple
  - search/highlight/highlighters/html
  - search/highlight/highlighters/simple
  - search/scorers
  - search/scorers
  - search/searchers
- name: github.com/boltdb/bolt
  version: fa5367d20c994db73282594be0146ab221657943
- name: github.com/BurntSushi/toml
  version: a368813c5e648fee92e5f6c30e3944ff9d5e8895
- name: github.com/disintegration/imaging
  version: c3956f26e8f5f2370428d573648fedc717fbe51e
- name: github.com/ghodss/yaml
  version: 0ca9ea5df5451ffdf184b4428c902747c2c11cd7
- name: github.com/gin-contrib/sse
  version: 22d885f9ecc78bf4ee5d72b937e4bbcdc58e8cae
- name: github.com/gin-gonic/gin
  version: b8b68314faa067acae5b17c828127b04af51ebe2
  subpackages:
  - binding
  - json
  - render
- name: github.com/go-ini/ini
  version: c787282c39ac1fc618827141a1f762240def08a3
- name: github.com/go-raml/raml
  version: acaca0c23916809da4bb5a6d732d08b585b47b65
- name: github.com/go-sql-driver/mysql
  version: a197e5d40516f2e9f74dcee085a5f2d4604e94df
- name: github.com/golang/protobuf
  version: 5a0f697c9ed9d68fef0116532c6e05cfeae00e55
  subpackages:
  - proto
- name: github.com/gorilla/context
  version: 08b5f424b9271eedf6f9f0ce86cb9396ed337a42
- name: github.com/gorilla/securecookie
  version: e59506cc896acb7f7bf732d4fdf5e25f7ccd8983
- name: github.com/gorilla/sessions
  version: b61c93cb7f67533c8bfbb5ea450efc07e5833c5e
- name: github.com/gosimple/slug
  version: e9f42fa127660e552d0ad2b589868d403a9be7c6
- name: github.com/husarlabs/qparser
  version: c54a3ed2c9cf392f4228e95649e05c027809e178
- name: github.com/jinzhu/gorm
  version: 5174cc5c242a728b435ea2be8a2f7f998e15429b
  subpackages:
  - dialects/mysql
  - dialects/postgres
  - dialects/sqlite
- name: github.com/jinzhu/inflection
  version: 1c35d901db3da928c72a72d8458480cc9ade058f
- name: github.com/jinzhu/now
  version: d939ba741945c047cac69c329c5fb0d6b4a06520
- name: github.com/joho/godotenv
  version: a79fa1e548e2c689c241d10173efd51e5d689d5b
- name: github.com/json-iterator/go
  version: abe3c4016bd3f50fa9c5b0e909641e2b8370b0cf
- name: github.com/k0kubun/pp
  version: e057ee7a28277be4d2af303443b6da377768181f
- name: github.com/lib/pq
  version: b77235e3890a962fe8a6f8c4c7198679ca7814e7
  subpackages:
  - hstore
  - oid
- name: github.com/Machiel/slugify
  version: d7f9bcd23b5963c8cf57acbce25b9fec17897c61
- name: github.com/mattn/go-colorable
  version: ad5389df28cdac544c99bd7b9161a0b5b6ca9d1b
- name: github.com/mattn/go-isatty
  version: a5cdd64afdee435007ee3e9f6ed4684af949d568
- name: github.com/mattn/go-sqlite3
  version: 5160b48509cf5c877bc22c11c373f8c7738cdb38
- name: github.com/microcosm-cc/bluemonday
  version: 68fecaef60268522d2ac3f0123cec9d3bcab7b6e
- name: github.com/NYTimes/openapi2proto
  version: 7e18515f2b15deddd9771af7e865e032a382d7f5
- name: github.com/paulvollmer/yaml2json
  version: 9d0f12607453282bbdd690bd6bd0a4e7f9bdbf8a
  subpackages:
  - src
- name: github.com/pkg/errors
  version: 2b3a18b5f0fb6b4f9190549597d3f962c02bc5eb
- name: github.com/qor/action_bar
  version: c326e1a8e80eb2f83cd529e46c0a8f1f2d86ab42
- name: github.com/qor/admin
  version: c2ea04dee6c7cbc8240325c0897a9560372eea95
- name: github.com/qor/assetfs
  version: ff57fdc13a148d39c3e930cb27c7eaf82e376891
- name: github.com/qor/cache
  version: 5e363e222966e2d365926bec8b8d195dcb04d848
- name: github.com/qor/filebox
  version: 79d42352a35d23f0624371ca72f8d3532c1740c1
- name: github.com/qor/help
  version: 604bf767572754fa99c6f295e718e8078d114dd0
- name: github.com/qor/i18n
  version: 66ff8cbfd4e7a9dbef4471a00e72cb6cf78f69de
  subpackages:
  - exchange_actions
- name: github.com/qor/location
  version: c3a76ef83e0f1e48b7a7fda3efe61082ecaa16b9
- name: github.com/qor/media
  version: 5a9a10040e7cf04a2844db4f9337265c79cc9c81
  subpackages:
  - asset_manager
  - media_library
  - oss
- name: github.com/qor/middlewares
  version: 781378b69454a545d08058d8154aca40d079e7ab
- name: github.com/qor/notification
  version: 0a5a671d7a435ba225a5ce62af4b3d708ad2372b
  subpackages:
  - channels/database
- name: github.com/qor/oss
  version: cdabd64fd390d98d5aed2eb548c97221519e45ff
  subpackages:
  - filesystem
- name: github.com/qor/page_builder
  version: f5b0e39b103aa020ca2b626f4b3f80f7b8898bf4
- name: github.com/qor/publish2
  version: 417f949579741539b0ae2231c24a0483c2dded1d
- name: github.com/qor/qor
  version: 843ff6066b4fc9f723da987b670f483295f2d94e
  subpackages:
  - resource
  - utils
- name: github.com/qor/responder
  version: 2d882089748afcf4e729334d7bb7fa17057de2e9
- name: github.com/qor/roles
  version: 40e8ca5bae4b2333e95003e21796f8673afaad4c
- name: github.com/qor/serializable_meta
  version: b2914e39966b992a6a0d11aae564dcdd1fc8314a
- name: github.com/qor/session
  version: 8206b0adab706a6ef3ee6fabba2584d34429a26a
  subpackages:
  - gorilla
  - manager
- name: github.com/qor/slug
  version: c7ae3bce336f2d23f4571e7ae5cfc333b0a6dd87
- name: github.com/qor/transition
  version: 03a2e654ac5e3d96809ab88104951f25e6f6027c
- name: github.com/qor/validations
  version: c8be0f7b95080477388bac66d3ee4379e96a9b38
- name: github.com/qor/variations
  version: b4c43116c76374390a632891de82318e6c5f3eca
- name: github.com/qor/widget
  version: 8a0c791d8e6529b03f530c64534be209437cbea8
- name: github.com/qor/worker
  version: e8cc7de521bf3cfb5a819701a4231198df3339f0
- name: github.com/rainycape/unidecode
  version: cb7f23ec59bec0d61b19c56cd88cee3d0cc1870c
- name: github.com/roscopecoltran/configor
  version: bd955757118cff31d42aa182911adee709179756
- name: github.com/roscopecoltran/krakend
  version: 28756a44a47cd516004a34c1fa65fd72d9e0077c
  subpackages:
  - config
- name: github.com/theplant/cldr
  version: b97a4c2a76cf8ba21d1cb8ed2f4c8ee103371e2d
- name: github.com/ugorji/go
  version: 54210f4e076c57f351166f0ed60e67d3fca57a36
  subpackages:
  - codec
- name: go4.org
  version: 034d17a462f7b2dcd1a4a73553ec5357ff6e6c6e
  subpackages:
  - reflectutil
  - sort
- name: golang.org/x/image
  version: 334384d9e19178a0488c9360d94d183c1ef0f711
  subpackages:
  - bmp
  - tiff
  - tiff/lzw
- name: golang.org/x/net
  version: ab5485076ff3407ad2d02db054635913f017b0ed
  subpackages:
  - context
  - html
  - html/atom
- name: golang.org/x/sys
  version: e48874b42435b4347fc52bdee0424a52abc974d7
  subpackages:
  - unix
- name: gopkg.in/go-playground/validator.v8
  version: 5f1438d3fca68893a817e4a66806cea46a9e4ebf
- name: gopkg.in/yaml.v2
  version: eb3733d160e74a9c7e442f435eb3bea458e1d19f
testImports: []
