hash: 20f65ada4a2d78aa77bf1e6d4a151e6f36f0decb55b5e7d02ac09e23812df1f0
updated: 2017-10-04T18:05:02.972054985+02:00
imports:
- name: github.com/7ing/go-flow
  version: d71f89c3fbef4896a3a49fec536494a81f4c61d2
- name: github.com/advance512/yaml
  version: e401b2b026855a4fa8e7014d553ae5bdfccb21cd
- name: github.com/ant0ine/go-json-rest
  version: ebb33769ae013bd5f518a8bac348c310dea768b8
  subpackages:
  - rest
  - rest/trie
- name: github.com/asaskevich/govalidator
  version: ca5f9e638c83bac66bfac70ded5bded1503135a7
- name: github.com/asdine/storm
  version: 617fe4aad8735e47f878c39a597ec135963d1d79
  subpackages:
  - codec
  - codec/json
  - index
  - internal
  - q
- name: github.com/athom/suitecase
  version: ae9a267881e522eca3a93f09842249b99f570ea3
- name: github.com/boltdb/bolt
  version: fa5367d20c994db73282594be0146ab221657943
- name: github.com/BurntSushi/toml
  version: a368813c5e648fee92e5f6c30e3944ff9d5e8895
- name: github.com/couchbase/moss
  version: 07c86e859e2ebf5e3e22432d715adf4d5c0255c9
- name: github.com/dimiro1/flatmap
  version: 996bdcd7a3383e519aa0e2acac1326b1a89feedc
- name: github.com/disintegration/imaging
  version: c3956f26e8f5f2370428d573648fedc717fbe51e
- name: github.com/emicklei/go-restful
  version: 1f062fefddb401c96f989e3db60d06819c1f2087
  subpackages:
  - log
- name: github.com/emicklei/go-restful-swagger12
  version: 7524189396c68dc4b04d53852f9edc00f816b123
- name: github.com/ghodss/yaml
  version: 0ca9ea5df5451ffdf184b4428c902747c2c11cd7
- name: github.com/gin-contrib/sse
  version: 22d885f9ecc78bf4ee5d72b937e4bbcdc58e8cae
- name: github.com/gin-gonic/gin
  version: b8b68314faa067acae5b17c828127b04af51ebe2
  subpackages:
  - binding
  - json
  - render
- name: github.com/go-chi/chi
  version: 624e6e12e9bc3b3073f539dab52abecdec01d769
- name: github.com/go-ini/ini
  version: c787282c39ac1fc618827141a1f762240def08a3
- name: github.com/go-openapi/analysis
  version: 8ed83f2ea9f00f945516462951a288eaa68bf0d6
- name: github.com/go-openapi/errors
  version: fc3f73a224499b047eda7191e5d22e1e9631e86f
- name: github.com/go-openapi/jsonpointer
  version: 779f45308c19820f1a69e9a4cd965f496e0da10f
- name: github.com/go-openapi/jsonreference
  version: 36d33bfe519efae5632669801b180bf1a245da3b
- name: github.com/go-openapi/loads
  version: a80dea3052f00e5f032e860dd7355cd0cc67e24d
- name: github.com/go-openapi/runtime
  version: bf2ff8f7150788b1c7256abb0805ba0410cbbabb
- name: github.com/go-openapi/spec
  version: 48c2a7185575f9103a5a3863eff950bb776899d2
- name: github.com/go-openapi/strfmt
  version: 610b6cacdcde6852f4de68998bd20ce1dac85b22
- name: github.com/go-openapi/swag
  version: f3f9494671f93fcff853e3c6e9e948b3eb71e590
- name: github.com/go-openapi/validate
  version: dc8a684882cf70c9a529887104340f44e0e138e5
- name: github.com/go-raml/raml
  version: acaca0c23916809da4bb5a6d732d08b585b47b65
- name: github.com/golang/protobuf
  version: 5a0f697c9ed9d68fef0116532c6e05cfeae00e55
  subpackages:
  - proto
- name: github.com/gorilla/context
  version: 08b5f424b9271eedf6f9f0ce86cb9396ed337a42
- name: github.com/gorilla/securecookie
  version: e59506cc896acb7f7bf732d4fdf5e25f7ccd8983
- name: github.com/gorilla/sessions
  version: b61c93cb7f67533c8bfbb5ea450efc07e5833c5e
- name: github.com/gosimple/slug
  version: e9f42fa127660e552d0ad2b589868d403a9be7c6
- name: github.com/husarlabs/qparser
  version: c54a3ed2c9cf392f4228e95649e05c027809e178
- name: github.com/hypnoglow/oas2
  version: 0c5cdbdb5a26b7d041d3729cfc543a8b54d4c915
- name: github.com/jinzhu/inflection
  version: 1c35d901db3da928c72a72d8458480cc9ade058f
- name: github.com/jinzhu/now
  version: d939ba741945c047cac69c329c5fb0d6b4a06520
- name: github.com/joho/godotenv
  version: a79fa1e548e2c689c241d10173efd51e5d689d5b
- name: github.com/json-iterator/go
  version: 4de15a3a870dbb1ddef434a77869b44aef7423ca
- name: github.com/k0kubun/pp
  version: e057ee7a28277be4d2af303443b6da377768181f
- name: github.com/Machiel/slugify
  version: d7f9bcd23b5963c8cf57acbce25b9fec17897c61
- name: github.com/mailru/easyjson
  version: 2a92e673c9a6302dd05c3a691ae1f24aef46457d
  subpackages:
  - buffer
  - jlexer
  - jwriter
- name: github.com/mattn/go-colorable
  version: ad5389df28cdac544c99bd7b9161a0b5b6ca9d1b
- name: github.com/mattn/go-isatty
  version: a5cdd64afdee435007ee3e9f6ed4684af949d568
- name: github.com/microcosm-cc/bluemonday
  version: 68fecaef60268522d2ac3f0123cec9d3bcab7b6e
- name: github.com/mitchellh/mapstructure
  version: d0303fe809921458f417bcf828397a65db30a7e4
- name: github.com/NYTimes/openapi2proto
  version: 7ba208f6b6f925d191ef4b842dffc77dccadb02b
- name: github.com/olebedev/go-duktape
  version: 956dbdf427ebe572ff25ad9ed9f9c851d3e46126
- name: github.com/pkg/errors
  version: 2b3a18b5f0fb6b4f9190549597d3f962c02bc5eb
- name: github.com/PuerkitoBio/purell
  version: fd18e053af8a4ff11039269006e8037ff374ce0e
- name: github.com/PuerkitoBio/urlesc
  version: de5bf2ad457846296e2031421a34e2568e304e35
- name: github.com/qor/action_bar
  version: c326e1a8e80eb2f83cd529e46c0a8f1f2d86ab42
- name: github.com/qor/admin
  version: c2ea04dee6c7cbc8240325c0897a9560372eea95
- name: github.com/qor/assetfs
  version: ff57fdc13a148d39c3e930cb27c7eaf82e376891
- name: github.com/qor/filebox
  version: 79d42352a35d23f0624371ca72f8d3532c1740c1
- name: github.com/qor/help
  version: 604bf767572754fa99c6f295e718e8078d114dd0
- name: github.com/qor/media
  version: 5a9a10040e7cf04a2844db4f9337265c79cc9c81
  subpackages:
  - asset_manager
  - oss
- name: github.com/qor/middlewares
  version: 781378b69454a545d08058d8154aca40d079e7ab
- name: github.com/qor/oss
  version: cdabd64fd390d98d5aed2eb548c97221519e45ff
  subpackages:
  - filesystem
- name: github.com/qor/qor
  version: 843ff6066b4fc9f723da987b670f483295f2d94e
  subpackages:
  - resource
  - utils
- name: github.com/qor/responder
  version: 2d882089748afcf4e729334d7bb7fa17057de2e9
- name: github.com/qor/roles
  version: 40e8ca5bae4b2333e95003e21796f8673afaad4c
- name: github.com/qor/serializable_meta
  version: b2914e39966b992a6a0d11aae564dcdd1fc8314a
- name: github.com/qor/session
  version: 8206b0adab706a6ef3ee6fabba2584d34429a26a
  subpackages:
  - gorilla
  - manager
- name: github.com/qor/validations
  version: c8be0f7b95080477388bac66d3ee4379e96a9b38
- name: github.com/rainycape/unidecode
  version: cb7f23ec59bec0d61b19c56cd88cee3d0cc1870c
- name: github.com/roscopecoltran/configor
  version: bd955757118cff31d42aa182911adee709179756
- name: github.com/sirupsen/logrus
  version: 89742aefa4b206dcf400792f3bd35b542998eb3b
- name: github.com/theplant/cldr
  version: b97a4c2a76cf8ba21d1cb8ed2f4c8ee103371e2d
- name: github.com/ugorji/go
  version: 54210f4e076c57f351166f0ed60e67d3fca57a36
  subpackages:
  - codec
- name: go4.org
  version: 034d17a462f7b2dcd1a4a73553ec5357ff6e6c6e
  subpackages:
  - reflectutil
  - sort
- name: golang.org/x/crypto
  version: dd96d35c1b251a7ef77f057fc5c4f92ea2b285b4
  subpackages:
  - ssh/terminal
- name: golang.org/x/image
  version: 334384d9e19178a0488c9360d94d183c1ef0f711
  subpackages:
  - bmp
  - tiff
  - tiff/lzw
- name: golang.org/x/net
  version: ab5485076ff3407ad2d02db054635913f017b0ed
  subpackages:
  - context
  - html
  - html/atom
  - idna
- name: golang.org/x/sys
  version: e48874b42435b4347fc52bdee0424a52abc974d7
  subpackages:
  - unix
- name: golang.org/x/text
  version: b19bf474d317b857955b12035d2c5acb57ce8b01
  subpackages:
  - secure/bidirule
  - transform
  - unicode/bidi
  - unicode/norm
  - width
- name: gopkg.in/go-playground/validator.v8
  version: 5f1438d3fca68893a817e4a66806cea46a9e4ebf
- name: gopkg.in/mgo.v2
  version: 3f83fa5005286a7fe593b055f0d7771a7dce4655
  subpackages:
  - bson
  - internal/json
- name: gopkg.in/yaml.v2
  version: eb3733d160e74a9c7e442f435eb3bea458e1d19f
testImports:
- name: github.com/davecgh/go-spew
  version: 04cdfd42973bb9c8589fd6a731800cf222fde1a9
  subpackages:
  - spew
- name: github.com/mattn/go-sqlite3
  version: 5160b48509cf5c877bc22c11c373f8c7738cdb38
- name: github.com/pmezard/go-difflib
  version: d8ed2627bdf02c080bf22230dbb337003b7aba2d
  subpackages:
  - difflib
- name: github.com/stretchrcom/testify
  version: 890a5c3458b43e6104ff5da8dfa139d013d77544
  subpackages:
  - assert
